<?xml version="1.0" encoding="utf-8"?>
<Project ToolsVersion="4.0" xmlns="http://schemas.microsoft.com/developer/msbuild/2003">
  <ItemGroup>
    <Filter Include="Source Files">
      <UniqueIdentifier>{4FC737F1-C7A5-4376-A066-2A32D752A2FF}</UniqueIdentifier>
      <Extensions>cpp;c;cc;cxx;def;odl;idl;hpj;bat;asm;asmx</Extensions>
    </Filter>
    <Filter Include="Header Files">
      <UniqueIdentifier>{93995380-89BD-4b04-88EB-625FBE52EBFB}</UniqueIdentifier>
      <Extensions>h;hh;hpp;hxx;hm;inl;inc;ipp;xsd</Extensions>
    </Filter>
    <Filter Include="Resource Files">
      <UniqueIdentifier>{67DA6AB6-F800-4c08-8B7A-83BB121AAD01}</UniqueIdentifier>
      <Extensions>rc;ico;cur;bmp;dlg;rc2;rct;bin;rgs;gif;jpg;jpeg;jpe;resx;tiff;tif;png;wav;mfcribbon-ms</Extensions>
    </Filter>
  </ItemGroup>
  <ItemGroup>
    <ClCompile Include="SudoguUser.c">
      <Filter>Source Files</Filter>
    </ClCompile>
    <ClCompile Include="..\SudoguAdmin\Event.c">
      <Filter>Source Files</Filter>
    </ClCompile>
    <ClCompile Include="..\SudoguAdmin\EventCategory.c">
      <Filter>Source Files</Filter>
    </ClCompile>
    <ClCompile Include="..\SudoguAdmin\bst.c">
      <Filter>Source Files</Filter>
    </ClCompile>
    <ClCompile Include="..\SudoguAdmin\cmpfn.c">
      <Filter>Source Files</Filter>
    </ClCompile>
    <ClCompile Include="..\SudoguAdmin\cslib.c">
      <Filter>Source Files</Filter>
    </ClCompile>
    <ClCompile Include="..\SudoguAdmin\generic.c">
      <Filter>Source Files</Filter>
    </ClCompile>
    <ClCompile Include="..\SudoguAdmin\iterator.c">
      <Filter>Source Files</Filter>
    </ClCompile>
    <ClCompile Include="..\SudoguAdmin\map.c">
      <Filter>Source Files</Filter>
    </ClCompile>
    <ClCompile Include="..\SudoguAdmin\Menu.c">
      <Filter>Source Files</Filter>
    </ClCompile>
    <ClCompile Include="..\SudoguAdmin\simpio.c">
      <Filter>Source Files</Filter>
    </ClCompile>
    <ClCompile Include="..\SudoguAdmin\strbuf.c">
      <Filter>Source Files</Filter>
    </ClCompile>
    <ClCompile Include="..\SudoguAdmin\strlib.c">
      <Filter>Source Files</Filter>
    </ClCompile>
    <ClCompile Include="..\SudoguAdmin\Table.c">
      <Filter>Source Files</Filter>
    </ClCompile>
    <ClCompile Include="..\SudoguAdmin\utilities.c">
      <Filter>Source Files</Filter>
    </ClCompile>
    <ClCompile Include="..\SudoguAdmin\vector.c">
      <Filter>Source Files</Filter>
    </ClCompile>
  </ItemGroup>
  <ItemGroup>
    <ClInclude Include="..\SudoguAdmin\Event.h">
      <Filter>Header Files</Filter>
    </ClInclude>
    <ClInclude Include="..\SudoguAdmin\EventCategory.h">
      <Filter>Header Files</Filter>
    </ClInclude>
    <ClInclude Include="..\SudoguAdmin\bst.h">
      <Filter>Header Files</Filter>
    </ClInclude>
    <ClInclude Include="..\SudoguAdmin\cmpfn.h">
      <Filter>Header Files</Filter>
    </ClInclude>
    <ClInclude Include="..\SudoguAdmin\cslib.h">
      <Filter>Header Files</Filter>
    </ClInclude>
    <ClInclude Include="..\SudoguAdmin\generic.h">
      <Filter>Header Files</Filter>
    </ClInclude>
    <ClInclude Include="..\SudoguAdmin\iterator.h">
      <Filter>Header Files</Filter>
    </ClInclude>
    <ClInclude Include="..\SudoguAdmin\itertype.h">
      <Filter>Header Files</Filter>
    </ClInclude>
    <ClInclude Include="..\SudoguAdmin\map.h">
      <Filter>Header Files</Filter>
    </ClInclude>
    <ClInclude Include="..\SudoguAdmin\Menu.h">
      <Filter>Header Files</Filter>
    </ClInclude>
    <ClInclude Include="..\SudoguAdmin\simpio.h">
      <Filter>Header Files</Filter>
    </ClInclude>
    <ClInclude Include="..\SudoguAdmin\strbuf.h">
      <Filter>Header Files</Filter>
    </ClInclude>
    <ClInclude Include="..\SudoguAdmin\strlib.h">
      <Filter>Header Files</Filter>
    </ClInclude>
    <ClInclude Include="..\SudoguAdmin\Table.h">
      <Filter>Header Files</Filter>
    </ClInclude>
    <ClInclude Include="..\SudoguAdmin\utilities.h">
      <Filter>Header Files</Filter>
    </ClInclude>
    <ClInclude Include="..\SudoguAdmin\vector.h">
      <Filter>Header Files</Filter>
    </ClInclude>
  </ItemGroup>
  <ItemGroup>
    <Text Include="..\city.txt">
      <Filter>Resource Files</Filter>
    </Text>
    <Text Include="..\accounts.txt">
      <Filter>Resource Files</Filter>
    </Text>
  </ItemGroup>
</Project>